
Microsoft Visual Studio Solution File, Format Version 12.00
# Visual Studio Version 17
VisualStudioVersion = 17.7.34202.233
MinimumVisualStudioVersion = 10.0.40219.1
Project("{9A19103F-16F7-4668-BE54-9A1E7A4F7556}") = "Revision.WebApi", "src\Revision.WebApi\Revision.WebApi.csproj", "{86D4D614-2B94-4066-A730-1349153C463F}"
EndProject
Project("{9A19103F-16F7-4668-BE54-9A1E7A4F7556}") = "Revision.Test", "tests\Revision.Test\Revision.Test.csproj", "{334667B1-2D41-4FB1-B916-FA6CC6A9C0F0}"
EndProject
Project("{FAE04EC0-301F-11D3-BF4B-00C04F79EFBC}") = "Revision.Domain", "src\Revision.Domain\Revision.Domain.csproj", "{5437B831-4556-4963-B26F-3B829E7C4F03}"
EndProject
Project("{FAE04EC0-301F-11D3-BF4B-00C04F79EFBC}") = "Revision.Service", "src\Revision.Service\Revision.Service.csproj", "{88C7CF56-ABDA-4C1C-A3DE-250F64C0CCA3}"
EndProject
Project("{FAE04EC0-301F-11D3-BF4B-00C04F79EFBC}") = "Revision.DataAccess", "src\Revision.DataAccess\Revision.DataAccess.csproj", "{AE027893-9DD9-4C40-A1F3-11EBF3D1C89D}"
EndProject
Project("{FAE04EC0-301F-11D3-BF4B-00C04F79EFBC}") = "Revision.Wep", "src\Revision.Wep\Revision.Wep.csproj", "{263EC83C-43D9-45F2-B4DF-0BDF2E5B85D1}"
EndProject
Global
	GlobalSection(SolutionConfigurationPlatforms) = preSolution
		Debug|Any CPU = Debug|Any CPU
		Release|Any CPU = Release|Any CPU
	EndGlobalSection
	GlobalSection(ProjectConfigurationPlatforms) = postSolution
		{86D4D614-2B94-4066-A730-1349153C463F}.Debug|Any CPU.ActiveCfg = Debug|Any CPU
		{86D4D614-2B94-4066-A730-1349153C463F}.Debug|Any CPU.Build.0 = Debug|Any CPU
		{86D4D614-2B94-4066-A730-1349153C463F}.Release|Any CPU.ActiveCfg = Release|Any CPU
		{86D4D614-2B94-4066-A730-1349153C463F}.Release|Any CPU.Build.0 = Release|Any CPU
		{334667B1-2D41-4FB1-B916-FA6CC6A9C0F0}.Debug|Any CPU.ActiveCfg = Debug|Any CPU
		{334667B1-2D41-4FB1-B916-FA6CC6A9C0F0}.Debug|Any CPU.Build.0 = Debug|Any CPU
		{334667B1-2D41-4FB1-B916-FA6CC6A9C0F0}.Release|Any CPU.ActiveCfg = Release|Any CPU
		{334667B1-2D41-4FB1-B916-FA6CC6A9C0F0}.Release|Any CPU.Build.0 = Release|Any CPU
		{5437B831-4556-4963-B26F-3B829E7C4F03}.Debug|Any CPU.ActiveCfg = Debug|Any CPU
		{5437B831-4556-4963-B26F-3B829E7C4F03}.Debug|Any CPU.Build.0 = Debug|Any CPU
		{5437B831-4556-4963-B26F-3B829E7C4F03}.Release|Any CPU.ActiveCfg = Release|Any CPU
		{5437B831-4556-4963-B26F-3B829E7C4F03}.Release|Any CPU.Build.0 = Release|Any CPU
		{88C7CF56-ABDA-4C1C-A3DE-250F64C0CCA3}.Debug|Any CPU.ActiveCfg = Debug|Any CPU
		{88C7CF56-ABDA-4C1C-A3DE-250F64C0CCA3}.Debug|Any CPU.Build.0 = Debug|Any CPU
		{88C7CF56-ABDA-4C1C-A3DE-250F64C0CCA3}.Release|Any CPU.ActiveCfg = Release|Any CPU
		{88C7CF56-ABDA-4C1C-A3DE-250F64C0CCA3}.Release|Any CPU.Build.0 = Release|Any CPU
		{AE027893-9DD9-4C40-A1F3-11EBF3D1C89D}.Debug|Any CPU.ActiveCfg = Debug|Any CPU
		{AE027893-9DD9-4C40-A1F3-11EBF3D1C89D}.Debug|Any CPU.Build.0 = Debug|Any CPU
		{AE027893-9DD9-4C40-A1F3-11EBF3D1C89D}.Release|Any CPU.ActiveCfg = Release|Any CPU
		{AE027893-9DD9-4C40-A1F3-11EBF3D1C89D}.Release|Any CPU.Build.0 = Release|Any CPU
		{263EC83C-43D9-45F2-B4DF-0BDF2E5B85D1}.Debug|Any CPU.ActiveCfg = Debug|Any CPU
		{263EC83C-43D9-45F2-B4DF-0BDF2E5B85D1}.Debug|Any CPU.Build.0 = Debug|Any CPU
		{263EC83C-43D9-45F2-B4DF-0BDF2E5B85D1}.Release|Any CPU.ActiveCfg = Release|Any CPU
		{263EC83C-43D9-45F2-B4DF-0BDF2E5B85D1}.Release|Any CPU.Build.0 = Release|Any CPU
	EndGlobalSection
	GlobalSection(SolutionProperties) = preSolution
		HideSolutionNode = FALSE
	EndGlobalSection
	GlobalSection(ExtensibilityGlobals) = postSolution
		SolutionGuid = {0BDE6523-C82D-419B-98D0-DE1C1BDEF765}
	EndGlobalSection
EndGlobal
